
Microsoft Visual Studio Solution File, Format Version 12.00
# Visual Studio Version 17
VisualStudioVersion = 17.0.31912.275
MinimumVisualStudioVersion = 10.0.40219.1
Project("{FAE04EC0-301F-11D3-BF4B-00C04F79EFBC}") = "EF_CodeFirst_Demo", "EF_CodeFirst_Demo.csproj", "{1D6EBE87-D5AD-4E44-9B96-5B17F0D32918}"
EndProject
Global
	GlobalSection(SolutionConfigurationPlatforms) = preSolution
		Debug|Any CPU = Debug|Any CPU
		Release|Any CPU = Release|Any CPU
	EndGlobalSection
	GlobalSection(ProjectConfigurationPlatforms) = postSolution
		{1D6EBE87-D5AD-4E44-9B96-5B17F0D32918}.Debug|Any CPU.ActiveCfg = Debug|Any CPU
		{1D6EBE87-D5AD-4E44-9B96-5B17F0D32918}.Debug|Any CPU.Build.0 = Debug|Any CPU
		{1D6EBE87-D5AD-4E44-9B96-5B17F0D32918}.Release|Any CPU.ActiveCfg = Release|Any CPU
		{1D6EBE87-D5AD-4E44-9B96-5B17F0D32918}.Release|Any CPU.Build.0 = Release|Any CPU
	EndGlobalSection
	GlobalSection(SolutionProperties) = preSolution
		HideSolutionNode = FALSE
	EndGlobalSection
	GlobalSection(ExtensibilityGlobals) = postSolution
		SolutionGuid = {AB7BB28E-6A06-496A-BC6B-B47790CF8A86}
	EndGlobalSection
EndGlobal
